
Microsoft Visual Studio Solution File, Format Version 12.00
# Visual Studio Version 16
VisualStudioVersion = 16.0.31613.86
MinimumVisualStudioVersion = 10.0.40219.1
Project("{FAE04EC0-301F-11D3-BF4B-00C04F79EFBC}") = "Laborator1", "Laborator1\Laborator1.csproj", "{1FC718C5-C84F-45FD-827A-F910C4C945C0}"
EndProject
Global
	GlobalSection(SolutionConfigurationPlatforms) = preSolution
		Debug|Any CPU = Debug|Any CPU
		Release|Any CPU = Release|Any CPU
	EndGlobalSection
	GlobalSection(ProjectConfigurationPlatforms) = postSolution
		{1FC718C5-C84F-45FD-827A-F910C4C945C0}.Debug|Any CPU.ActiveCfg = Debug|Any CPU
		{1FC718C5-C84F-45FD-827A-F910C4C945C0}.Debug|Any CPU.Build.0 = Debug|Any CPU
		{1FC718C5-C84F-45FD-827A-F910C4C945C0}.Release|Any CPU.ActiveCfg = Release|Any CPU
		{1FC718C5-C84F-45FD-827A-F910C4C945C0}.Release|Any CPU.Build.0 = Release|Any CPU
	EndGlobalSection
	GlobalSection(SolutionProperties) = preSolution
		HideSolutionNode = FALSE
	EndGlobalSection
	GlobalSection(ExtensibilityGlobals) = postSolution
		SolutionGuid = {BA123949-7D33-4BE5-898A-DF61A40761AC}
	EndGlobalSection
EndGlobal
